
Microsoft Visual Studio Solution File, Format Version 12.00
# Visual Studio Version 17
VisualStudioVersion = 17.1.32407.343
MinimumVisualStudioVersion = 10.0.40219.1
Project("{FAE04EC0-301F-11D3-BF4B-00C04F79EFBC}") = "Ducks", "ConsoleAppHomeworkFor19.06.22\Ducks.csproj", "{CFC3EFFF-346A-404D-9A51-42F32A1315A2}"
EndProject
Project("{FAE04EC0-301F-11D3-BF4B-00C04F79EFBC}") = "Zoo", "Zoo\Zoo.csproj", "{0B9B3F83-C1A3-4934-90AF-241B08487E53}"
EndProject
Project("{FAE04EC0-301F-11D3-BF4B-00C04F79EFBC}") = "Shapes", "Shapes\Shapes.csproj", "{22A72A6D-3AFF-4274-975E-9D6295E28667}"
EndProject
Global
	GlobalSection(SolutionConfigurationPlatforms) = preSolution
		Debug|Any CPU = Debug|Any CPU
		Release|Any CPU = Release|Any CPU
	EndGlobalSection
	GlobalSection(ProjectConfigurationPlatforms) = postSolution
		{CFC3EFFF-346A-404D-9A51-42F32A1315A2}.Debug|Any CPU.ActiveCfg = Debug|Any CPU
		{CFC3EFFF-346A-404D-9A51-42F32A1315A2}.Debug|Any CPU.Build.0 = Debug|Any CPU
		{CFC3EFFF-346A-404D-9A51-42F32A1315A2}.Release|Any CPU.ActiveCfg = Release|Any CPU
		{CFC3EFFF-346A-404D-9A51-42F32A1315A2}.Release|Any CPU.Build.0 = Release|Any CPU
		{0B9B3F83-C1A3-4934-90AF-241B08487E53}.Debug|Any CPU.ActiveCfg = Debug|Any CPU
		{0B9B3F83-C1A3-4934-90AF-241B08487E53}.Debug|Any CPU.Build.0 = Debug|Any CPU
		{0B9B3F83-C1A3-4934-90AF-241B08487E53}.Release|Any CPU.ActiveCfg = Release|Any CPU
		{0B9B3F83-C1A3-4934-90AF-241B08487E53}.Release|Any CPU.Build.0 = Release|Any CPU
		{22A72A6D-3AFF-4274-975E-9D6295E28667}.Debug|Any CPU.ActiveCfg = Debug|Any CPU
		{22A72A6D-3AFF-4274-975E-9D6295E28667}.Debug|Any CPU.Build.0 = Debug|Any CPU
		{22A72A6D-3AFF-4274-975E-9D6295E28667}.Release|Any CPU.ActiveCfg = Release|Any CPU
		{22A72A6D-3AFF-4274-975E-9D6295E28667}.Release|Any CPU.Build.0 = Release|Any CPU
	EndGlobalSection
	GlobalSection(SolutionProperties) = preSolution
		HideSolutionNode = FALSE
	EndGlobalSection
	GlobalSection(ExtensibilityGlobals) = postSolution
		SolutionGuid = {917812C3-1C04-46A0-A486-C5086E540EB0}
	EndGlobalSection
EndGlobal
